
Microsoft Visual Studio Solution File, Format Version 12.00
# Visual Studio 15
VisualStudioVersion = 15.0.27428.1
MinimumVisualStudioVersion = 10.0.40219.1
Project("{F2A71F9B-5D33-465A-A702-920D77279786}") = "ComputerVisionWrapper", "ComputerVisionWrapper\ComputerVisionWrapper.fsproj", "{FCEDBAB7-41CE-4835-833D-A3BF97307B78}"
EndProject
Global
	GlobalSection(SolutionConfigurationPlatforms) = preSolution
		Debug|Any CPU = Debug|Any CPU
		Release|Any CPU = Release|Any CPU
	EndGlobalSection
	GlobalSection(ProjectConfigurationPlatforms) = postSolution
		{FCEDBAB7-41CE-4835-833D-A3BF97307B78}.Debug|Any CPU.ActiveCfg = Debug|Any CPU
		{FCEDBAB7-41CE-4835-833D-A3BF97307B78}.Debug|Any CPU.Build.0 = Debug|Any CPU
		{FCEDBAB7-41CE-4835-833D-A3BF97307B78}.Release|Any CPU.ActiveCfg = Release|Any CPU
		{FCEDBAB7-41CE-4835-833D-A3BF97307B78}.Release|Any CPU.Build.0 = Release|Any CPU
	EndGlobalSection
	GlobalSection(SolutionProperties) = preSolution
		HideSolutionNode = FALSE
	EndGlobalSection
	GlobalSection(ExtensibilityGlobals) = postSolution
		SolutionGuid = {4C059048-4CF2-40F2-98EC-41F120095F01}
	EndGlobalSection
EndGlobal
